
Microsoft Visual Studio Solution File, Format Version 12.00
# Visual Studio Version 16
VisualStudioVersion = 16.0.32510.428
MinimumVisualStudioVersion = 10.0.40219.1
Project("{9A19103F-16F7-4668-BE54-9A1E7A4F7556}") = "WebApplication3", "WebApplication3.csproj", "{CE8C8A76-9161-4347-956A-749CF556E3E3}"
EndProject
Project("{FAE04EC0-301F-11D3-BF4B-00C04F79EFBC}") = "TestProject", "..\TestProject\TestProject.csproj", "{8C6E88F7-DA48-44B4-AD05-C14FFEA45FE3}"
EndProject
Global
	GlobalSection(SolutionConfigurationPlatforms) = preSolution
		Debug|Any CPU = Debug|Any CPU
		Release|Any CPU = Release|Any CPU
	EndGlobalSection
	GlobalSection(ProjectConfigurationPlatforms) = postSolution
		{CE8C8A76-9161-4347-956A-749CF556E3E3}.Debug|Any CPU.ActiveCfg = Debug|Any CPU
		{CE8C8A76-9161-4347-956A-749CF556E3E3}.Debug|Any CPU.Build.0 = Debug|Any CPU
		{CE8C8A76-9161-4347-956A-749CF556E3E3}.Release|Any CPU.ActiveCfg = Release|Any CPU
		{CE8C8A76-9161-4347-956A-749CF556E3E3}.Release|Any CPU.Build.0 = Release|Any CPU
		{8C6E88F7-DA48-44B4-AD05-C14FFEA45FE3}.Debug|Any CPU.ActiveCfg = Debug|Any CPU
		{8C6E88F7-DA48-44B4-AD05-C14FFEA45FE3}.Debug|Any CPU.Build.0 = Debug|Any CPU
		{8C6E88F7-DA48-44B4-AD05-C14FFEA45FE3}.Release|Any CPU.ActiveCfg = Release|Any CPU
		{8C6E88F7-DA48-44B4-AD05-C14FFEA45FE3}.Release|Any CPU.Build.0 = Release|Any CPU
	EndGlobalSection
	GlobalSection(SolutionProperties) = preSolution
		HideSolutionNode = FALSE
	EndGlobalSection
	GlobalSection(ExtensibilityGlobals) = postSolution
		SolutionGuid = {7527C379-6DBF-4356-AF05-0CCF033F8752}
	EndGlobalSection
EndGlobal
